
Microsoft Visual Studio Solution File, Format Version 12.00
# Visual Studio Version 17
VisualStudioVersion = 17.0.31903.59
MinimumVisualStudioVersion = 10.0.40219.1
Project("{8BC9CEB8-8B4A-11D0-8D11-00A0C91BC942}") = "CtlLibraryCSharpBind", "CtlLibraryCSharpBinds\CtlLibraryCSharpBind.vcxproj", "{37662C43-52C5-436A-A37A-58D34BA3C10E}"
EndProject
Project("{9A19103F-16F7-4668-BE54-9A1E7A4F7556}") = "CtlLibraryCSharpWrapper", "CtlLibraryCSharpWrapper\CtlLibraryCSharpWrapper.csproj", "{CB4F2B14-C854-4E1F-9712-39D95712AB9C}"
	ProjectSection(ProjectDependencies) = postProject
		{37662C43-52C5-436A-A37A-58D34BA3C10E} = {37662C43-52C5-436A-A37A-58D34BA3C10E}
	EndProjectSection
EndProject
Project("{9A19103F-16F7-4668-BE54-9A1E7A4F7556}") = "CtlLibrarySample", "CtlLibrarySample\CtlLibrarySample.csproj", "{2692EA38-C05A-465C-B601-289E9C83D502}"
EndProject
Global
	GlobalSection(SolutionConfigurationPlatforms) = preSolution
		Debug|x64 = Debug|x64
		Release|x64 = Release|x64
	EndGlobalSection
	GlobalSection(ProjectConfigurationPlatforms) = postSolution
		{37662C43-52C5-436A-A37A-58D34BA3C10E}.Debug|x64.ActiveCfg = Debug|x64
		{37662C43-52C5-436A-A37A-58D34BA3C10E}.Debug|x64.Build.0 = Debug|x64
		{37662C43-52C5-436A-A37A-58D34BA3C10E}.Release|x64.ActiveCfg = Release|x64
		{37662C43-52C5-436A-A37A-58D34BA3C10E}.Release|x64.Build.0 = Release|x64
		{CB4F2B14-C854-4E1F-9712-39D95712AB9C}.Debug|x64.ActiveCfg = Debug|x64
		{CB4F2B14-C854-4E1F-9712-39D95712AB9C}.Debug|x64.Build.0 = Debug|x64
		{CB4F2B14-C854-4E1F-9712-39D95712AB9C}.Release|x64.ActiveCfg = Release|x64
		{CB4F2B14-C854-4E1F-9712-39D95712AB9C}.Release|x64.Build.0 = Release|x64
		{2692EA38-C05A-465C-B601-289E9C83D502}.Debug|x64.ActiveCfg = Debug|x64
		{2692EA38-C05A-465C-B601-289E9C83D502}.Debug|x64.Build.0 = Debug|x64
		{2692EA38-C05A-465C-B601-289E9C83D502}.Release|x64.ActiveCfg = Release|x64
		{2692EA38-C05A-465C-B601-289E9C83D502}.Release|x64.Build.0 = Release|x64
	EndGlobalSection
	GlobalSection(SolutionProperties) = preSolution
		HideSolutionNode = FALSE
	EndGlobalSection
	GlobalSection(ExtensibilityGlobals) = postSolution
		SolutionGuid = {CD881655-1D74-42A7-80FB-7660CE44BD6F}
	EndGlobalSection
EndGlobal
