
Microsoft Visual Studio Solution File, Format Version 12.00
# Visual Studio Version 17
VisualStudioVersion = 17.0.31903.59
MinimumVisualStudioVersion = 10.0.40219.1
Project("{8BC9CEB8-8B4A-11D0-8D11-00A0C91BC942}") = "CtlApiCSharpBind", "CtlApiCSharpBinds\CtlApiCSharpBind.vcxproj", "{37662C43-52C5-436A-A37A-58D34BA3C10E}"
EndProject
Project("{9A19103F-16F7-4668-BE54-9A1E7A4F7556}") = "CtlApiCSharpWrapper", "CtlApiCSharpWrapper\CtlApiCSharpWrapper.csproj", "{4090F753-40C6-4FA9-93A1-1448BE73785B}"
	ProjectSection(ProjectDependencies) = postProject
		{37662C43-52C5-436A-A37A-58D34BA3C10E} = {37662C43-52C5-436A-A37A-58D34BA3C10E}
	EndProjectSection
EndProject
Global
	GlobalSection(SolutionConfigurationPlatforms) = preSolution
		Debug|Any CPU = Debug|Any CPU
		Debug|x64 = Debug|x64
		Debug|x86 = Debug|x86
		Release|Any CPU = Release|Any CPU
		Release|x64 = Release|x64
		Release|x86 = Release|x86
	EndGlobalSection
	GlobalSection(ProjectConfigurationPlatforms) = postSolution
		{37662C43-52C5-436A-A37A-58D34BA3C10E}.Debug|Any CPU.ActiveCfg = Debug|x64
		{37662C43-52C5-436A-A37A-58D34BA3C10E}.Debug|Any CPU.Build.0 = Debug|x64
		{37662C43-52C5-436A-A37A-58D34BA3C10E}.Debug|x64.ActiveCfg = Debug|x64
		{37662C43-52C5-436A-A37A-58D34BA3C10E}.Debug|x64.Build.0 = Debug|x64
		{37662C43-52C5-436A-A37A-58D34BA3C10E}.Debug|x86.ActiveCfg = Debug|Win32
		{37662C43-52C5-436A-A37A-58D34BA3C10E}.Debug|x86.Build.0 = Debug|Win32
		{37662C43-52C5-436A-A37A-58D34BA3C10E}.Release|Any CPU.ActiveCfg = Release|x64
		{37662C43-52C5-436A-A37A-58D34BA3C10E}.Release|Any CPU.Build.0 = Release|x64
		{37662C43-52C5-436A-A37A-58D34BA3C10E}.Release|x64.ActiveCfg = Release|x64
		{37662C43-52C5-436A-A37A-58D34BA3C10E}.Release|x64.Build.0 = Release|x64
		{37662C43-52C5-436A-A37A-58D34BA3C10E}.Release|x86.ActiveCfg = Release|Win32
		{37662C43-52C5-436A-A37A-58D34BA3C10E}.Release|x86.Build.0 = Release|Win32
		{4090F753-40C6-4FA9-93A1-1448BE73785B}.Debug|Any CPU.ActiveCfg = Debug|Any CPU
		{4090F753-40C6-4FA9-93A1-1448BE73785B}.Debug|Any CPU.Build.0 = Debug|Any CPU
		{4090F753-40C6-4FA9-93A1-1448BE73785B}.Debug|x64.ActiveCfg = Debug|Any CPU
		{4090F753-40C6-4FA9-93A1-1448BE73785B}.Debug|x64.Build.0 = Debug|Any CPU
		{4090F753-40C6-4FA9-93A1-1448BE73785B}.Debug|x86.ActiveCfg = Debug|Any CPU
		{4090F753-40C6-4FA9-93A1-1448BE73785B}.Debug|x86.Build.0 = Debug|Any CPU
		{4090F753-40C6-4FA9-93A1-1448BE73785B}.Release|Any CPU.ActiveCfg = Release|Any CPU
		{4090F753-40C6-4FA9-93A1-1448BE73785B}.Release|Any CPU.Build.0 = Release|Any CPU
		{4090F753-40C6-4FA9-93A1-1448BE73785B}.Release|x64.ActiveCfg = Release|Any CPU
		{4090F753-40C6-4FA9-93A1-1448BE73785B}.Release|x64.Build.0 = Release|Any CPU
		{4090F753-40C6-4FA9-93A1-1448BE73785B}.Release|x86.ActiveCfg = Release|Any CPU
		{4090F753-40C6-4FA9-93A1-1448BE73785B}.Release|x86.Build.0 = Release|Any CPU
	EndGlobalSection
	GlobalSection(SolutionProperties) = preSolution
		HideSolutionNode = FALSE
	EndGlobalSection
	GlobalSection(ExtensibilityGlobals) = postSolution
		SolutionGuid = {CD881655-1D74-42A7-80FB-7660CE44BD6F}
	EndGlobalSection
EndGlobal
